
Microsoft Visual Studio Solution File, Format Version 12.00
# Visual Studio Version 17
VisualStudioVersion = 17.2.32630.192
MinimumVisualStudioVersion = 10.0.40219.1
Project("{FAE04EC0-301F-11D3-BF4B-00C04F79EFBC}") = "OO_Programming_Problem_Statement_Solution", "OO_Programming_Problem_Statement_Solution\OO_Programming_Problem_Statement_Solution.csproj", "{FB9D2E1D-DDBD-4759-B91F-EBD7ACBFD061}"
EndProject
Global
	GlobalSection(SolutionConfigurationPlatforms) = preSolution
		Debug|Any CPU = Debug|Any CPU
		Release|Any CPU = Release|Any CPU
	EndGlobalSection
	GlobalSection(ProjectConfigurationPlatforms) = postSolution
		{FB9D2E1D-DDBD-4759-B91F-EBD7ACBFD061}.Debug|Any CPU.ActiveCfg = Debug|Any CPU
		{FB9D2E1D-DDBD-4759-B91F-EBD7ACBFD061}.Debug|Any CPU.Build.0 = Debug|Any CPU
		{FB9D2E1D-DDBD-4759-B91F-EBD7ACBFD061}.Release|Any CPU.ActiveCfg = Release|Any CPU
		{FB9D2E1D-DDBD-4759-B91F-EBD7ACBFD061}.Release|Any CPU.Build.0 = Release|Any CPU
	EndGlobalSection
	GlobalSection(SolutionProperties) = preSolution
		HideSolutionNode = FALSE
	EndGlobalSection
	GlobalSection(ExtensibilityGlobals) = postSolution
		SolutionGuid = {6A250B8E-30EE-4CB9-A757-E55D2AE9113B}
	EndGlobalSection
EndGlobal
